// !$*UTF8*$!
{
	archiveVersion = 1;
	classes = {
	};
	objectVersion = 46;
	objects = {

/* Begin PBXBuildFile section */
		7B17A1EE1AE76FB400B925FE /* CommonCrypto.swift in Sources */ = {isa = PBXBuildFile; fileRef = 7B17A1ED1AE76FB400B925FE /* CommonCrypto.swift */; };
		7B341F081AF1508D00C84EFD /* OpenSSLCryptor.m in Sources */ = {isa = PBXBuildFile; fileRef = 7B341F071AF1508D00C84EFD /* OpenSSLCryptor.m */; };
		7B39AEAE1AEF00CF007F0536 /* libcrypto.a in Frameworks */ = {isa = PBXBuildFile; fileRef = 7B39AEAC1AEF00CF007F0536 /* libcrypto.a */; };
		7B39AEAF1AEF00CF007F0536 /* libssl.a in Frameworks */ = {isa = PBXBuildFile; fileRef = 7B39AEAD1AEF00CF007F0536 /* libssl.a */; };
		7B63EE661AE5FBA7002C7EDC /* module.map in Sources */ = {isa = PBXBuildFile; fileRef = 7B63EE531AE5FBA7002C7EDC /* module.map */; };
		7B63EE671AE5FBA7002C7EDC /* README.md in Sources */ = {isa = PBXBuildFile; fileRef = 7B63EE561AE5FBA7002C7EDC /* README.md */; };
		7B63EE6A1AE5FBA7002C7EDC /* Info.plist in Resources */ = {isa = PBXBuildFile; fileRef = 7B63EE601AE5FBA7002C7EDC /* Info.plist */; };
		7B63EE6B1AE5FBA7002C7EDC /* SHA256Tests-Info.plist in Resources */ = {isa = PBXBuildFile; fileRef = 7B63EE611AE5FBA7002C7EDC /* SHA256Tests-Info.plist */; };
		7B63EE6C1AE5FBA7002C7EDC /* SHA256-Info.plist in Resources */ = {isa = PBXBuildFile; fileRef = 7B63EE631AE5FBA7002C7EDC /* SHA256-Info.plist */; };
		7B63EE6D1AE5FBA7002C7EDC /* SHA256Tests-Info.plist in Resources */ = {isa = PBXBuildFile; fileRef = 7B63EE641AE5FBA7002C7EDC /* SHA256Tests-Info.plist */; };
		7B6B2FB51AE5D5790090DC59 /* AppDelegate.swift in Sources */ = {isa = PBXBuildFile; fileRef = 7B6B2FB41AE5D5790090DC59 /* AppDelegate.swift */; };
		7B6B2FB81AE5D5790090DC59 /* Testing_Crypto.xcdatamodeld in Sources */ = {isa = PBXBuildFile; fileRef = 7B6B2FB61AE5D5790090DC59 /* Testing_Crypto.xcdatamodeld */; };
		7B6B2FBA1AE5D5790090DC59 /* ViewController.swift in Sources */ = {isa = PBXBuildFile; fileRef = 7B6B2FB91AE5D5790090DC59 /* ViewController.swift */; };
		7B6B2FBD1AE5D5790090DC59 /* Main.storyboard in Resources */ = {isa = PBXBuildFile; fileRef = 7B6B2FBB1AE5D5790090DC59 /* Main.storyboard */; };
		7B6B2FBF1AE5D5790090DC59 /* Images.xcassets in Resources */ = {isa = PBXBuildFile; fileRef = 7B6B2FBE1AE5D5790090DC59 /* Images.xcassets */; };
		7B6B2FC21AE5D5790090DC59 /* LaunchScreen.xib in Resources */ = {isa = PBXBuildFile; fileRef = 7B6B2FC01AE5D5790090DC59 /* LaunchScreen.xib */; };
		7B8411A41AEB053900B4FD19 /* 30m.zip in Resources */ = {isa = PBXBuildFile; fileRef = 7B8411A31AEB053900B4FD19 /* 30m.zip */; };
		7B8411A61AEB05B300B4FD19 /* 5m.zip in Resources */ = {isa = PBXBuildFile; fileRef = 7B8411A51AEB05B300B4FD19 /* 5m.zip */; };
		7B9F50EC1AEF13D5001F3849 /* AESOpenSSLClass.swift in Sources */ = {isa = PBXBuildFile; fileRef = 7B9F50EB1AEF13D5001F3849 /* AESOpenSSLClass.swift */; };
		7BC90FD31AE80E08004BB22B /* Timer.swift in Sources */ = {isa = PBXBuildFile; fileRef = 7BC90FD21AE80E08004BB22B /* Timer.swift */; };
		7BC90FD51AE812D9004BB22B /* CryptoTesterInterface.swift in Sources */ = {isa = PBXBuildFile; fileRef = 7BC90FD41AE812D9004BB22B /* CryptoTesterInterface.swift */; };
		A85347AFF82E66788157B3A1 /* libPods.a in Frameworks */ = {isa = PBXBuildFile; fileRef = 23F121FF25608929015BCA06 /* libPods.a */; };
/* End PBXBuildFile section */

/* Begin PBXContainerItemProxy section */
		7B341F001AEFEFA400C84EFD /* PBXContainerItemProxy */ = {
			isa = PBXContainerItemProxy;
			containerPortal = 7B63EE581AE5FBA7002C7EDC /* SHA256.xcodeproj */;
			proxyType = 1;
			remoteGlobalIDString = A2D39BE0198D841400E2D317;
			remoteInfo = SHA256iOs;
		};
		7B63EE721AE5FBA7002C7EDC /* PBXContainerItemProxy */ = {
			isa = PBXContainerItemProxy;
			containerPortal = 7B63EE581AE5FBA7002C7EDC /* SHA256.xcodeproj */;
			proxyType = 2;
			remoteGlobalIDString = A2FD6A38197E8757006FA7EF;
			remoteInfo = SHA256Mac;
		};
		7B63EE741AE5FBA7002C7EDC /* PBXContainerItemProxy */ = {
			isa = PBXContainerItemProxy;
			containerPortal = 7B63EE581AE5FBA7002C7EDC /* SHA256.xcodeproj */;
			proxyType = 2;
			remoteGlobalIDString = A2FD6A4F197E8757006FA7EF;
			remoteInfo = "SHA256Mac Tests";
		};
		7B63EE761AE5FBA7002C7EDC /* PBXContainerItemProxy */ = {
			isa = PBXContainerItemProxy;
			containerPortal = 7B63EE581AE5FBA7002C7EDC /* SHA256.xcodeproj */;
			proxyType = 2;
			remoteGlobalIDString = A2D39BE1198D841400E2D317;
			remoteInfo = SHA256iOs;
		};
/* End PBXContainerItemProxy section */

/* Begin PBXFileReference section */
		02F312620A66F7EF522B1E08 /* Pods.release.xcconfig */ = {isa = PBXFileReference; includeInIndex = 1; lastKnownFileType = text.xcconfig; name = Pods.release.xcconfig; path = "Pods/Target Support Files/Pods/Pods.release.xcconfig"; sourceTree = "<group>"; };
		23F121FF25608929015BCA06 /* libPods.a */ = {isa = PBXFileReference; explicitFileType = archive.ar; includeInIndex = 0; path = libPods.a; sourceTree = BUILT_PRODUCTS_DIR; };
		7B17A1ED1AE76FB400B925FE /* CommonCrypto.swift */ = {isa = PBXFileReference; fileEncoding = 4; lastKnownFileType = sourcecode.swift; path = CommonCrypto.swift; sourceTree = "<group>"; };
		7B341F071AF1508D00C84EFD /* OpenSSLCryptor.m */ = {isa = PBXFileReference; fileEncoding = 4; lastKnownFileType = sourcecode.c.objc; path = OpenSSLCryptor.m; sourceTree = "<group>"; };
		7B39AEAC1AEF00CF007F0536 /* libcrypto.a */ = {isa = PBXFileReference; lastKnownFileType = archive.ar; name = libcrypto.a; path = ../../../../../usr/local/ssl/ios/lib/libcrypto.a; sourceTree = "<group>"; };
		7B39AEAD1AEF00CF007F0536 /* libssl.a */ = {isa = PBXFileReference; lastKnownFileType = archive.ar; name = libssl.a; path = ../../../../../usr/local/ssl/ios/lib/libssl.a; sourceTree = "<group>"; };
		7B39AEB21AEF06A1007F0536 /* Crypto-Bridging-Header.h */ = {isa = PBXFileReference; lastKnownFileType = sourcecode.c.h; path = "Crypto-Bridging-Header.h"; sourceTree = "<group>"; };
		7B63EE351AE5F821002C7EDC /* CommonCrypto copy-Info.plist */ = {isa = PBXFileReference; lastKnownFileType = text.plist.xml; name = "CommonCrypto copy-Info.plist"; path = "/Users/sergey.gorbaty/Documents/research/Testing Crypto/CommonCrypto copy-Info.plist"; sourceTree = "<absolute>"; };
		7B63EE3F1AE5F82E002C7EDC /* CommonCrypto copy copy-Info.plist */ = {isa = PBXFileReference; lastKnownFileType = text.plist.xml; name = "CommonCrypto copy copy-Info.plist"; path = "/Users/sergey.gorbaty/Documents/research/Testing Crypto/CommonCrypto copy copy-Info.plist"; sourceTree = "<absolute>"; };
		7B63EE511AE5FBA7002C7EDC /* .gitignore */ = {isa = PBXFileReference; fileEncoding = 4; lastKnownFileType = text; path = .gitignore; sourceTree = "<group>"; };
		7B63EE531AE5FBA7002C7EDC /* module.map */ = {isa = PBXFileReference; fileEncoding = 4; lastKnownFileType = "sourcecode.module-map"; path = module.map; sourceTree = "<group>"; };
		7B63EE541AE5FBA7002C7EDC /* iOs.playground */ = {isa = PBXFileReference; lastKnownFileType = file.playground; path = iOs.playground; sourceTree = "<group>"; };
		7B63EE551AE5FBA7002C7EDC /* Mac.playground */ = {isa = PBXFileReference; lastKnownFileType = file.playground; path = Mac.playground; sourceTree = "<group>"; };
		7B63EE561AE5FBA7002C7EDC /* README.md */ = {isa = PBXFileReference; fileEncoding = 4; lastKnownFileType = net.daringfireball.markdown; path = README.md; sourceTree = "<group>"; };
		7B63EE571AE5FBA7002C7EDC /* SHA256.swift */ = {isa = PBXFileReference; fileEncoding = 4; lastKnownFileType = sourcecode.swift; path = SHA256.swift; sourceTree = "<group>"; };
		7B63EE581AE5FBA7002C7EDC /* SHA256.xcodeproj */ = {isa = PBXFileReference; lastKnownFileType = "wrapper.pb-project"; path = SHA256.xcodeproj; sourceTree = "<group>"; };
		7B63EE5C1AE5FBA7002C7EDC /* SHA256iOs.h */ = {isa = PBXFileReference; fileEncoding = 4; lastKnownFileType = sourcecode.c.h; path = SHA256iOs.h; sourceTree = "<group>"; };
		7B63EE601AE5FBA7002C7EDC /* Info.plist */ = {isa = PBXFileReference; fileEncoding = 4; lastKnownFileType = text.plist.xml; path = Info.plist; sourceTree = "<group>"; };
		7B63EE611AE5FBA7002C7EDC /* SHA256Tests-Info.plist */ = {isa = PBXFileReference; fileEncoding = 4; lastKnownFileType = text.plist.xml; path = "SHA256Tests-Info.plist"; sourceTree = "<group>"; };
		7B63EE631AE5FBA7002C7EDC /* SHA256-Info.plist */ = {isa = PBXFileReference; fileEncoding = 4; lastKnownFileType = text.plist.xml; path = "SHA256-Info.plist"; sourceTree = "<group>"; };
		7B63EE641AE5FBA7002C7EDC /* SHA256Tests-Info.plist */ = {isa = PBXFileReference; fileEncoding = 4; lastKnownFileType = text.plist.xml; path = "SHA256Tests-Info.plist"; sourceTree = "<group>"; };
		7B6B2FAF1AE5D5790090DC59 /* Crypto.app */ = {isa = PBXFileReference; explicitFileType = wrapper.application; includeInIndex = 0; path = Crypto.app; sourceTree = BUILT_PRODUCTS_DIR; };
		7B6B2FB31AE5D5790090DC59 /* Info.plist */ = {isa = PBXFileReference; lastKnownFileType = text.plist.xml; path = Info.plist; sourceTree = "<group>"; };
		7B6B2FB41AE5D5790090DC59 /* AppDelegate.swift */ = {isa = PBXFileReference; lastKnownFileType = sourcecode.swift; path = AppDelegate.swift; sourceTree = "<group>"; };
		7B6B2FB71AE5D5790090DC59 /* Testing_Crypto.xcdatamodel */ = {isa = PBXFileReference; lastKnownFileType = wrapper.xcdatamodel; path = Testing_Crypto.xcdatamodel; sourceTree = "<group>"; };
		7B6B2FB91AE5D5790090DC59 /* ViewController.swift */ = {isa = PBXFileReference; lastKnownFileType = sourcecode.swift; path = ViewController.swift; sourceTree = "<group>"; };
		7B6B2FBC1AE5D5790090DC59 /* Base */ = {isa = PBXFileReference; lastKnownFileType = file.storyboard; name = Base; path = Base.lproj/Main.storyboard; sourceTree = "<group>"; };
		7B6B2FBE1AE5D5790090DC59 /* Images.xcassets */ = {isa = PBXFileReference; lastKnownFileType = folder.assetcatalog; path = Images.xcassets; sourceTree = "<group>"; };
		7B6B2FC11AE5D5790090DC59 /* Base */ = {isa = PBXFileReference; lastKnownFileType = file.xib; name = Base; path = Base.lproj/LaunchScreen.xib; sourceTree = "<group>"; };
		7B6B2FCC1AE5D5790090DC59 /* Info.plist */ = {isa = PBXFileReference; lastKnownFileType = text.plist.xml; path = Info.plist; sourceTree = "<group>"; };
		7B6B2FCD1AE5D5790090DC59 /* Testing_CryptoTests.swift */ = {isa = PBXFileReference; lastKnownFileType = sourcecode.swift; path = Testing_CryptoTests.swift; sourceTree = "<group>"; };
		7B6B2FEB1AE5F1FC0090DC59 /* Testing Crypto copy-Info.plist */ = {isa = PBXFileReference; lastKnownFileType = text.plist.xml; name = "Testing Crypto copy-Info.plist"; path = "/Users/sergey.gorbaty/Documents/research/Testing Crypto/Testing Crypto copy-Info.plist"; sourceTree = "<absolute>"; };
		7B8411A31AEB053900B4FD19 /* 30m.zip */ = {isa = PBXFileReference; lastKnownFileType = archive.zip; path = 30m.zip; sourceTree = "<group>"; };
		7B8411A51AEB05B300B4FD19 /* 5m.zip */ = {isa = PBXFileReference; lastKnownFileType = archive.zip; path = 5m.zip; sourceTree = "<group>"; };
		7B9F50E71AEF1100001F3849 /* OpenSSLCrypto.h */ = {isa = PBXFileReference; fileEncoding = 4; lastKnownFileType = sourcecode.c.h; name = OpenSSLCrypto.h; path = ../OpenSSLCrypto.h; sourceTree = "<group>"; };
		7B9F50EB1AEF13D5001F3849 /* AESOpenSSLClass.swift */ = {isa = PBXFileReference; fileEncoding = 4; lastKnownFileType = sourcecode.swift; path = AESOpenSSLClass.swift; sourceTree = "<group>"; };
		7BC90FD21AE80E08004BB22B /* Timer.swift */ = {isa = PBXFileReference; fileEncoding = 4; lastKnownFileType = sourcecode.swift; path = Timer.swift; sourceTree = "<group>"; };
		7BC90FD41AE812D9004BB22B /* CryptoTesterInterface.swift */ = {isa = PBXFileReference; fileEncoding = 4; lastKnownFileType = sourcecode.swift; path = CryptoTesterInterface.swift; sourceTree = "<group>"; };
		A1570FAA70599944E56FC35E /* Pods.debug.xcconfig */ = {isa = PBXFileReference; includeInIndex = 1; lastKnownFileType = text.xcconfig; name = Pods.debug.xcconfig; path = "Pods/Target Support Files/Pods/Pods.debug.xcconfig"; sourceTree = "<group>"; };
/* End PBXFileReference section */

/* Begin PBXFrameworksBuildPhase section */
		7B6B2FAC1AE5D5790090DC59 /* Frameworks */ = {
			isa = PBXFrameworksBuildPhase;
			buildActionMask = 2147483647;
			files = (
				7B39AEAE1AEF00CF007F0536 /* libcrypto.a in Frameworks */,
				7B39AEAF1AEF00CF007F0536 /* libssl.a in Frameworks */,
				A85347AFF82E66788157B3A1 /* libPods.a in Frameworks */,
			);
			runOnlyForDeploymentPostprocessing = 0;
		};
/* End PBXFrameworksBuildPhase section */

/* Begin PBXGroup section */
		733803AB43212CFAE6112F6F /* Pods */ = {
			isa = PBXGroup;
			children = (
				A1570FAA70599944E56FC35E /* Pods.debug.xcconfig */,
				02F312620A66F7EF522B1E08 /* Pods.release.xcconfig */,
			);
			name = Pods;
			sourceTree = "<group>";
		};
		7B63EE501AE5FBA7002C7EDC /* SHA256-Swift-master */ = {
			isa = PBXGroup;
			children = (
				7B63EE511AE5FBA7002C7EDC /* .gitignore */,
				7B63EE521AE5FBA7002C7EDC /* CommonCrypto */,
				7B63EE541AE5FBA7002C7EDC /* iOs.playground */,
				7B63EE551AE5FBA7002C7EDC /* Mac.playground */,
				7B63EE561AE5FBA7002C7EDC /* README.md */,
				7B63EE571AE5FBA7002C7EDC /* SHA256.swift */,
				7B63EE581AE5FBA7002C7EDC /* SHA256.xcodeproj */,
				7B63EE5B1AE5FBA7002C7EDC /* SHA256iOs */,
				7B63EE5E1AE5FBA7002C7EDC /* Supporting Files */,
			);
			name = "SHA256-Swift-master";
			path = "../SHA256-Swift-master";
			sourceTree = "<group>";
		};
		7B63EE521AE5FBA7002C7EDC /* CommonCrypto */ = {
			isa = PBXGroup;
			children = (
				7B63EE531AE5FBA7002C7EDC /* module.map */,
			);
			path = CommonCrypto;
			sourceTree = "<group>";
		};
		7B63EE591AE5FBA7002C7EDC /* Products */ = {
			isa = PBXGroup;
			children = (
				7B63EE731AE5FBA7002C7EDC /* SHA256Mac.framework */,
				7B63EE751AE5FBA7002C7EDC /* SHA256Mac Tests.xctest */,
				7B63EE771AE5FBA7002C7EDC /* SHA256iOs.framework */,
			);
			name = Products;
			sourceTree = "<group>";
		};
		7B63EE5B1AE5FBA7002C7EDC /* SHA256iOs */ = {
			isa = PBXGroup;
			children = (
				7B63EE5C1AE5FBA7002C7EDC /* SHA256iOs.h */,
			);
			path = SHA256iOs;
			sourceTree = "<group>";
		};
		7B63EE5E1AE5FBA7002C7EDC /* Supporting Files */ = {
			isa = PBXGroup;
			children = (
				7B63EE5F1AE5FBA7002C7EDC /* iOs */,
				7B63EE621AE5FBA7002C7EDC /* Mac */,
			);
			path = "Supporting Files";
			sourceTree = "<group>";
		};
		7B63EE5F1AE5FBA7002C7EDC /* iOs */ = {
			isa = PBXGroup;
			children = (
				7B63EE601AE5FBA7002C7EDC /* Info.plist */,
				7B63EE611AE5FBA7002C7EDC /* SHA256Tests-Info.plist */,
			);
			path = iOs;
			sourceTree = "<group>";
		};
		7B63EE621AE5FBA7002C7EDC /* Mac */ = {
			isa = PBXGroup;
			children = (
				7B63EE631AE5FBA7002C7EDC /* SHA256-Info.plist */,
				7B63EE641AE5FBA7002C7EDC /* SHA256Tests-Info.plist */,
			);
			path = Mac;
			sourceTree = "<group>";
		};
		7B6B2FA61AE5D5790090DC59 = {
			isa = PBXGroup;
			children = (
				7B39AEAC1AEF00CF007F0536 /* libcrypto.a */,
				7B39AEAD1AEF00CF007F0536 /* libssl.a */,
				7B63EE501AE5FBA7002C7EDC /* SHA256-Swift-master */,
				7B6B2FB11AE5D5790090DC59 /* Testing Crypto */,
				7B6B2FCA1AE5D5790090DC59 /* Testing CryptoTests */,
				7B6B2FB01AE5D5790090DC59 /* Products */,
				7B6B2FEB1AE5F1FC0090DC59 /* Testing Crypto copy-Info.plist */,
				7B63EE351AE5F821002C7EDC /* CommonCrypto copy-Info.plist */,
				7B63EE3F1AE5F82E002C7EDC /* CommonCrypto copy copy-Info.plist */,
				7B39AEB21AEF06A1007F0536 /* Crypto-Bridging-Header.h */,
				733803AB43212CFAE6112F6F /* Pods */,
				FD91A2A800ABD2954C6212A2 /* Frameworks */,
			);
			sourceTree = "<group>";
		};
		7B6B2FB01AE5D5790090DC59 /* Products */ = {
			isa = PBXGroup;
			children = (
				7B6B2FAF1AE5D5790090DC59 /* Crypto.app */,
			);
			name = Products;
			sourceTree = "<group>";
		};
		7B6B2FB11AE5D5790090DC59 /* Testing Crypto */ = {
			isa = PBXGroup;
			children = (
				7B9F50EB1AEF13D5001F3849 /* AESOpenSSLClass.swift */,
				7B341F071AF1508D00C84EFD /* OpenSSLCryptor.m */,
				7B9F50E71AEF1100001F3849 /* OpenSSLCrypto.h */,
				7B6B2FB41AE5D5790090DC59 /* AppDelegate.swift */,
				7B17A1ED1AE76FB400B925FE /* CommonCrypto.swift */,
				7BC90FD41AE812D9004BB22B /* CryptoTesterInterface.swift */,
				7BC90FD21AE80E08004BB22B /* Timer.swift */,
				7B6B2FB91AE5D5790090DC59 /* ViewController.swift */,
				7B6B2FBB1AE5D5790090DC59 /* Main.storyboard */,
				7B6B2FBE1AE5D5790090DC59 /* Images.xcassets */,
				7B6B2FC01AE5D5790090DC59 /* LaunchScreen.xib */,
				7B6B2FB61AE5D5790090DC59 /* Testing_Crypto.xcdatamodeld */,
				7B6B2FB21AE5D5790090DC59 /* Supporting Files */,
			);
			path = "Testing Crypto";
			sourceTree = "<group>";
		};
		7B6B2FB21AE5D5790090DC59 /* Supporting Files */ = {
			isa = PBXGroup;
			children = (
				7B8411A51AEB05B300B4FD19 /* 5m.zip */,
				7B8411A31AEB053900B4FD19 /* 30m.zip */,
				7B6B2FB31AE5D5790090DC59 /* Info.plist */,
			);
			name = "Supporting Files";
			sourceTree = "<group>";
		};
		7B6B2FCA1AE5D5790090DC59 /* Testing CryptoTests */ = {
			isa = PBXGroup;
			children = (
				7B6B2FCD1AE5D5790090DC59 /* Testing_CryptoTests.swift */,
				7B6B2FCB1AE5D5790090DC59 /* Supporting Files */,
			);
			path = "Testing CryptoTests";
			sourceTree = "<group>";
		};
		7B6B2FCB1AE5D5790090DC59 /* Supporting Files */ = {
			isa = PBXGroup;
			children = (
				7B6B2FCC1AE5D5790090DC59 /* Info.plist */,
			);
			name = "Supporting Files";
			sourceTree = "<group>";
		};
		FD91A2A800ABD2954C6212A2 /* Frameworks */ = {
			isa = PBXGroup;
			children = (
				23F121FF25608929015BCA06 /* libPods.a */,
			);
			name = Frameworks;
			sourceTree = "<group>";
		};
/* End PBXGroup section */

/* Begin PBXNativeTarget section */
		7B6B2FAE1AE5D5790090DC59 /* Crypto */ = {
			isa = PBXNativeTarget;
			buildConfigurationList = 7B6B2FD11AE5D5790090DC59 /* Build configuration list for PBXNativeTarget "Crypto" */;
			buildPhases = (
				4A52AE960E15E45B13D054E0 /* Check Pods Manifest.lock */,
				7B6B2FAB1AE5D5790090DC59 /* Sources */,
				7B6B2FAC1AE5D5790090DC59 /* Frameworks */,
				7B6B2FAD1AE5D5790090DC59 /* Resources */,
				8B04D342A38D14D0AE1A1858 /* Copy Pods Resources */,
			);
			buildRules = (
			);
			dependencies = (
				7B341F011AEFEFA400C84EFD /* PBXTargetDependency */,
			);
			name = Crypto;
			productName = "Testing Crypto";
			productReference = 7B6B2FAF1AE5D5790090DC59 /* Crypto.app */;
			productType = "com.apple.product-type.application";
		};
/* End PBXNativeTarget section */

/* Begin PBXProject section */
		7B6B2FA71AE5D5790090DC59 /* Project object */ = {
			isa = PBXProject;
			attributes = {
				LastUpgradeCheck = 0630;
				ORGANIZATIONNAME = "Sergey Gorbaty";
				TargetAttributes = {
					7B6B2FAE1AE5D5790090DC59 = {
						CreatedOnToolsVersion = 6.3;
						DevelopmentTeam = 4TPAZD3KH3;
					};
				};
			};
			buildConfigurationList = 7B6B2FAA1AE5D5790090DC59 /* Build configuration list for PBXProject "Testing Crypto" */;
			compatibilityVersion = "Xcode 3.2";
			developmentRegion = English;
			hasScannedForEncodings = 0;
			knownRegions = (
				en,
				Base,
			);
			mainGroup = 7B6B2FA61AE5D5790090DC59;
			productRefGroup = 7B6B2FB01AE5D5790090DC59 /* Products */;
			projectDirPath = "";
			projectReferences = (
				{
					ProductGroup = 7B63EE591AE5FBA7002C7EDC /* Products */;
					ProjectRef = 7B63EE581AE5FBA7002C7EDC /* SHA256.xcodeproj */;
				},
			);
			projectRoot = "";
			targets = (
				7B6B2FAE1AE5D5790090DC59 /* Crypto */,
			);
		};
/* End PBXProject section */

/* Begin PBXReferenceProxy section */
		7B63EE731AE5FBA7002C7EDC /* SHA256Mac.framework */ = {
			isa = PBXReferenceProxy;
			fileType = wrapper.framework;
			path = SHA256Mac.framework;
			remoteRef = 7B63EE721AE5FBA7002C7EDC /* PBXContainerItemProxy */;
			sourceTree = BUILT_PRODUCTS_DIR;
		};
		7B63EE751AE5FBA7002C7EDC /* SHA256Mac Tests.xctest */ = {
			isa = PBXReferenceProxy;
			fileType = wrapper.cfbundle;
			path = "SHA256Mac Tests.xctest";
			remoteRef = 7B63EE741AE5FBA7002C7EDC /* PBXContainerItemProxy */;
			sourceTree = BUILT_PRODUCTS_DIR;
		};
		7B63EE771AE5FBA7002C7EDC /* SHA256iOs.framework */ = {
			isa = PBXReferenceProxy;
			fileType = wrapper.framework;
			path = SHA256iOs.framework;
			remoteRef = 7B63EE761AE5FBA7002C7EDC /* PBXContainerItemProxy */;
			sourceTree = BUILT_PRODUCTS_DIR;
		};
/* End PBXReferenceProxy section */

/* Begin PBXResourcesBuildPhase section */
		7B6B2FAD1AE5D5790090DC59 /* Resources */ = {
			isa = PBXResourcesBuildPhase;
			buildActionMask = 2147483647;
			files = (
				7B8411A41AEB053900B4FD19 /* 30m.zip in Resources */,
				7B6B2FBD1AE5D5790090DC59 /* Main.storyboard in Resources */,
				7B6B2FC21AE5D5790090DC59 /* LaunchScreen.xib in Resources */,
				7B63EE6B1AE5FBA7002C7EDC /* SHA256Tests-Info.plist in Resources */,
				7B63EE6A1AE5FBA7002C7EDC /* Info.plist in Resources */,
				7B8411A61AEB05B300B4FD19 /* 5m.zip in Resources */,
				7B63EE6D1AE5FBA7002C7EDC /* SHA256Tests-Info.plist in Resources */,
				7B6B2FBF1AE5D5790090DC59 /* Images.xcassets in Resources */,
				7B63EE6C1AE5FBA7002C7EDC /* SHA256-Info.plist in Resources */,
			);
			runOnlyForDeploymentPostprocessing = 0;
		};
/* End PBXResourcesBuildPhase section */

/* Begin PBXShellScriptBuildPhase section */
		4A52AE960E15E45B13D054E0 /* Check Pods Manifest.lock */ = {
			isa = PBXShellScriptBuildPhase;
			buildActionMask = 2147483647;
			files = (
			);
			inputPaths = (
			);
			name = "Check Pods Manifest.lock";
			outputPaths = (
			);
			runOnlyForDeploymentPostprocessing = 0;
			shellPath = /bin/sh;
			shellScript = "diff \"${PODS_ROOT}/../Podfile.lock\" \"${PODS_ROOT}/Manifest.lock\" > /dev/null\nif [[ $? != 0 ]] ; then\n    cat << EOM\nerror: The sandbox is not in sync with the Podfile.lock. Run 'pod install' or update your CocoaPods installation.\nEOM\n    exit 1\nfi\n";
			showEnvVarsInLog = 0;
		};
		8B04D342A38D14D0AE1A1858 /* Copy Pods Resources */ = {
			isa = PBXShellScriptBuildPhase;
			buildActionMask = 2147483647;
			files = (
			);
			inputPaths = (
			);
			name = "Copy Pods Resources";
			outputPaths = (
			);
			runOnlyForDeploymentPostprocessing = 0;
			shellPath = /bin/sh;
			shellScript = "\"${SRCROOT}/Pods/Target Support Files/Pods/Pods-resources.sh\"\n";
			showEnvVarsInLog = 0;
		};
/* End PBXShellScriptBuildPhase section */

/* Begin PBXSourcesBuildPhase section */
		7B6B2FAB1AE5D5790090DC59 /* Sources */ = {
			isa = PBXSourcesBuildPhase;
			buildActionMask = 2147483647;
			files = (
				7B63EE671AE5FBA7002C7EDC /* README.md in Sources */,
				7B6B2FBA1AE5D5790090DC59 /* ViewController.swift in Sources */,
				7BC90FD31AE80E08004BB22B /* Timer.swift in Sources */,
				7B6B2FB51AE5D5790090DC59 /* AppDelegate.swift in Sources */,
				7B17A1EE1AE76FB400B925FE /* CommonCrypto.swift in Sources */,
				7B9F50EC1AEF13D5001F3849 /* AESOpenSSLClass.swift in Sources */,
				7B63EE661AE5FBA7002C7EDC /* module.map in Sources */,
				7B6B2FB81AE5D5790090DC59 /* Testing_Crypto.xcdatamodeld in Sources */,
				7B341F081AF1508D00C84EFD /* OpenSSLCryptor.m in Sources */,
				7BC90FD51AE812D9004BB22B /* CryptoTesterInterface.swift in Sources */,
			);
			runOnlyForDeploymentPostprocessing = 0;
		};
/* End PBXSourcesBuildPhase section */

/* Begin PBXTargetDependency section */
		7B341F011AEFEFA400C84EFD /* PBXTargetDependency */ = {
			isa = PBXTargetDependency;
			name = SHA256iOs;
			targetProxy = 7B341F001AEFEFA400C84EFD /* PBXContainerItemProxy */;
		};
/* End PBXTargetDependency section */

/* Begin PBXVariantGroup section */
		7B6B2FBB1AE5D5790090DC59 /* Main.storyboard */ = {
			isa = PBXVariantGroup;
			children = (
				7B6B2FBC1AE5D5790090DC59 /* Base */,
			);
			name = Main.storyboard;
			sourceTree = "<group>";
		};
		7B6B2FC01AE5D5790090DC59 /* LaunchScreen.xib */ = {
			isa = PBXVariantGroup;
			children = (
				7B6B2FC11AE5D5790090DC59 /* Base */,
			);
			name = LaunchScreen.xib;
			sourceTree = "<group>";
		};
/* End PBXVariantGroup section */

/* Begin XCBuildConfiguration section */
		7B6B2FCF1AE5D5790090DC59 /* Debug */ = {
			isa = XCBuildConfiguration;
			buildSettings = {
				ALWAYS_SEARCH_USER_PATHS = NO;
				CLANG_CXX_LANGUAGE_STANDARD = "gnu++0x";
				CLANG_CXX_LIBRARY = "libc++";
				CLANG_ENABLE_MODULES = YES;
				CLANG_ENABLE_OBJC_ARC = YES;
				CLANG_WARN_BOOL_CONVERSION = YES;
				CLANG_WARN_CONSTANT_CONVERSION = YES;
				CLANG_WARN_DIRECT_OBJC_ISA_USAGE = YES_ERROR;
				CLANG_WARN_EMPTY_BODY = YES;
				CLANG_WARN_ENUM_CONVERSION = YES;
				CLANG_WARN_INT_CONVERSION = YES;
				CLANG_WARN_OBJC_ROOT_CLASS = YES_ERROR;
				CLANG_WARN_UNREACHABLE_CODE = YES;
				CLANG_WARN__DUPLICATE_METHOD_MATCH = YES;
				CODE_SIGN_IDENTITY = "iPhone Developer";
				"CODE_SIGN_IDENTITY[sdk=iphoneos*]" = "iPhone Developer";
				COPY_PHASE_STRIP = NO;
				DEBUG_INFORMATION_FORMAT = "dwarf-with-dsym";
				ENABLE_STRICT_OBJC_MSGSEND = YES;
				GCC_C_LANGUAGE_STANDARD = gnu99;
				GCC_DYNAMIC_NO_PIC = NO;
				GCC_NO_COMMON_BLOCKS = YES;
				GCC_OPTIMIZATION_LEVEL = 0;
				GCC_PREPROCESSOR_DEFINITIONS = (
					"DEBUG=1",
					"$(inherited)",
				);
				GCC_SYMBOLS_PRIVATE_EXTERN = NO;
				GCC_WARN_64_TO_32_BIT_CONVERSION = YES;
				GCC_WARN_ABOUT_RETURN_TYPE = YES_ERROR;
				GCC_WARN_UNDECLARED_SELECTOR = YES;
				GCC_WARN_UNINITIALIZED_AUTOS = YES_AGGRESSIVE;
				GCC_WARN_UNUSED_FUNCTION = YES;
				GCC_WARN_UNUSED_VARIABLE = YES;
				IPHONEOS_DEPLOYMENT_TARGET = 8.3;
				MTL_ENABLE_DEBUG_INFO = YES;
				ONLY_ACTIVE_ARCH = YES;
				SDKROOT = iphoneos;
				SWIFT_OPTIMIZATION_LEVEL = "-Onone";
				TARGETED_DEVICE_FAMILY = "1,2";
			};
			name = Debug;
		};
		7B6B2FD01AE5D5790090DC59 /* Release */ = {
			isa = XCBuildConfiguration;
			buildSettings = {
				ALWAYS_SEARCH_USER_PATHS = NO;
				CLANG_CXX_LANGUAGE_STANDARD = "gnu++0x";
				CLANG_CXX_LIBRARY = "libc++";
				CLANG_ENABLE_MODULES = YES;
				CLANG_ENABLE_OBJC_ARC = YES;
				CLANG_WARN_BOOL_CONVERSION = YES;
				CLANG_WARN_CONSTANT_CONVERSION = YES;
				CLANG_WARN_DIRECT_OBJC_ISA_USAGE = YES_ERROR;
				CLANG_WARN_EMPTY_BODY = YES;
				CLANG_WARN_ENUM_CONVERSION = YES;
				CLANG_WARN_INT_CONVERSION = YES;
				CLANG_WARN_OBJC_ROOT_CLASS = YES_ERROR;
				CLANG_WARN_UNREACHABLE_CODE = YES;
				CLANG_WARN__DUPLICATE_METHOD_MATCH = YES;
				CODE_SIGN_IDENTITY = "iPhone Developer";
				"CODE_SIGN_IDENTITY[sdk=iphoneos*]" = "iPhone Developer";
				COPY_PHASE_STRIP = NO;
				DEBUG_INFORMATION_FORMAT = "dwarf-with-dsym";
				ENABLE_NS_ASSERTIONS = NO;
				ENABLE_STRICT_OBJC_MSGSEND = YES;
				GCC_C_LANGUAGE_STANDARD = gnu99;
				GCC_NO_COMMON_BLOCKS = YES;
				GCC_WARN_64_TO_32_BIT_CONVERSION = YES;
				GCC_WARN_ABOUT_RETURN_TYPE = YES_ERROR;
				GCC_WARN_UNDECLARED_SELECTOR = YES;
				GCC_WARN_UNINITIALIZED_AUTOS = YES_AGGRESSIVE;
				GCC_WARN_UNUSED_FUNCTION = YES;
				GCC_WARN_UNUSED_VARIABLE = YES;
				IPHONEOS_DEPLOYMENT_TARGET = 8.3;
				MTL_ENABLE_DEBUG_INFO = NO;
				SDKROOT = iphoneos;
				TARGETED_DEVICE_FAMILY = "1,2";
				VALIDATE_PRODUCT = YES;
			};
			name = Release;
		};
		7B6B2FD21AE5D5790090DC59 /* Debug */ = {
			isa = XCBuildConfiguration;
			baseConfigurationReference = A1570FAA70599944E56FC35E /* Pods.debug.xcconfig */;
			buildSettings = {
				ASSETCATALOG_COMPILER_APPICON_NAME = AppIcon;
				CLANG_ENABLE_MODULES = YES;
				"CODE_SIGN_ENTITLEMENTS[sdk=iphoneos8.3]" = "";
				CODE_SIGN_IDENTITY = "iPhone Developer";
				"CODE_SIGN_IDENTITY[sdk=iphoneos*]" = "iPhone Developer";
				INFOPLIST_FILE = "Testing Crypto/Info.plist";
				LD_RUNPATH_SEARCH_PATHS = "$(inherited) @executable_path/Frameworks @rpath/../SHA256iOs.framework/SHA256iOs";
				LIBRARY_SEARCH_PATHS = (
					"$(inherited)",
					"$(SDKROOT)/usr/lib/system",
					"$(PROJECT_DIR)/Testing",
					Crypto,
					/usr/local/ssl/ios/lib,
				);
				"LIBRARY_SEARCH_PATHS[arch=*]" = (
					"$(inherited)",
					"$(SDKROOT)/usr/lib/system",
					"/usr/local/ssl/ios/**",
				);
				PRODUCT_NAME = "$(TARGET_NAME)";
				PROVISIONING_PROFILE = "";
				SWIFT_INCLUDE_PATHS = "";
				"SWIFT_INCLUDE_PATHS[arch=*]" = "/Users/sergey.gorbaty/Documents/research/SHA256-Swift-master/CommonCrypto";
				SWIFT_OBJC_BRIDGING_HEADER = "Crypto-Bridging-Header.h";
				SWIFT_OPTIMIZATION_LEVEL = "-Onone";
				"USER_HEADER_SEARCH_PATHS[arch=*]" = /usr/local/ssl/ios/include;
			};
			name = Debug;
		};
		7B6B2FD31AE5D5790090DC59 /* Release */ = {
			isa = XCBuildConfiguration;
			baseConfigurationReference = 02F312620A66F7EF522B1E08 /* Pods.release.xcconfig */;
			buildSettings = {
				ASSETCATALOG_COMPILER_APPICON_NAME = AppIcon;
				CLANG_ENABLE_MODULES = YES;
				CODE_SIGN_IDENTITY = "iPhone Developer";
				"CODE_SIGN_IDENTITY[sdk=iphoneos*]" = "iPhone Developer";
				INFOPLIST_FILE = "Testing Crypto/Info.plist";
				LD_RUNPATH_SEARCH_PATHS = "$(inherited) @executable_path/Frameworks @rpath/../SHA256iOs.framework/SHA256iOs";
				LIBRARY_SEARCH_PATHS = (
					"$(inherited)",
					"$(SDKROOT)/usr/lib/system",
					"/usr/local/ssl/ios/**",
					"$(PROJECT_DIR)/Testing",
					Crypto,
					/usr/local/ssl/ios/lib,
				);
				"LIBRARY_SEARCH_PATHS[arch=*]" = (
					"$(inherited)",
					"$(SDKROOT)/usr/lib/system",
				);
				PRODUCT_NAME = "$(TARGET_NAME)";
				PROVISIONING_PROFILE = "";
				SWIFT_INCLUDE_PATHS = "";
				"SWIFT_INCLUDE_PATHS[arch=*]" = "/Users/sergey.gorbaty/Documents/research/SHA256-Swift-master/CommonCrypto";
				SWIFT_OBJC_BRIDGING_HEADER = "Crypto-Bridging-Header.h";
				USER_HEADER_SEARCH_PATHS = /usr/local/ssl/ios/include;
				"USER_HEADER_SEARCH_PATHS[arch=*]" = /usr/local/ssl/ios/include;
			};
			name = Release;
		};
/* End XCBuildConfiguration section */

/* Begin XCConfigurationList section */
		7B6B2FAA1AE5D5790090DC59 /* Build configuration list for PBXProject "Testing Crypto" */ = {
			isa = XCConfigurationList;
			buildConfigurations = (
				7B6B2FCF1AE5D5790090DC59 /* Debug */,
				7B6B2FD01AE5D5790090DC59 /* Release */,
			);
			defaultConfigurationIsVisible = 0;
			defaultConfigurationName = Release;
		};
		7B6B2FD11AE5D5790090DC59 /* Build configuration list for PBXNativeTarget "Crypto" */ = {
			isa = XCConfigurationList;
			buildConfigurations = (
				7B6B2FD21AE5D5790090DC59 /* Debug */,
				7B6B2FD31AE5D5790090DC59 /* Release */,
			);
			defaultConfigurationIsVisible = 0;
			defaultConfigurationName = Release;
		};
/* End XCConfigurationList section */

/* Begin XCVersionGroup section */
		7B6B2FB61AE5D5790090DC59 /* Testing_Crypto.xcdatamodeld */ = {
			isa = XCVersionGroup;
			children = (
				7B6B2FB71AE5D5790090DC59 /* Testing_Crypto.xcdatamodel */,
			);
			currentVersion = 7B6B2FB71AE5D5790090DC59 /* Testing_Crypto.xcdatamodel */;
			path = Testing_Crypto.xcdatamodeld;
			sourceTree = "<group>";
			versionGroupType = wrapper.xcdatamodel;
		};
/* End XCVersionGroup section */
	};
	rootObject = 7B6B2FA71AE5D5790090DC59 /* Project object */;
}
